{
  "name": "32304f91ce3cc281",
  "lockfileVersion": 3,
  "requires": true,
  "packages": {
    "": {
      "dependencies": {
        "industrial-splash-cli": "file:../../../.."
      }
    },
    "../../../..": {
      "version": "0.1.1",
      "license": "MIT",
      "dependencies": {
        "sharp": "^0.34.5"
      },
      "bin": {
        "industrial-splash": "cli.mjs"
      },
      "engines": {
        "node": ">=18.17.0"
      }
    },
    "node_modules/industrial-splash-cli": {
      "resolved": "../../../..",
      "link": true
    }
  }
}
